
Microsoft Visual Studio Solution File, Format Version 12.00
# Visual Studio 14
VisualStudioVersion = 14.0.25123.0
MinimumVisualStudioVersion = 10.0.40219.1
Project("{FAE04EC0-301F-11D3-BF4B-00C04F79EFBC}") = "SL.Web", "SL.Web\SL.Web.csproj", "{C593D8F6-1B21-453C-BDF6-A163870D3B78}"
EndProject
Project("{FAE04EC0-301F-11D3-BF4B-00C04F79EFBC}") = "SL.Models", "SL.Model\SL.Models.csproj", "{2A31BFD5-E2D6-48C3-A85D-799A9053362C}"
EndProject
Project("{FAE04EC0-301F-11D3-BF4B-00C04F79EFBC}") = "SL.Core", "SL.Core\SL.Core.csproj", "{4FDF32F7-5359-4032-865C-E28E4F0E49C4}"
EndProject
Project("{FAE04EC0-301F-11D3-BF4B-00C04F79EFBC}") = "SL.Repository", "SL.Repository\SL.Repository.csproj", "{75DD8B3F-AD0C-4C9E-860D-D93C79C5214A}"
EndProject
Project("{FAE04EC0-301F-11D3-BF4B-00C04F79EFBC}") = "SL.Service", "SL.Service\SL.Service.csproj", "{9A58BDBE-3A11-456B-B36A-23D3ECC17733}"
	ProjectSection(ProjectDependencies) = postProject
		{4FDF32F7-5359-4032-865C-E28E4F0E49C4} = {4FDF32F7-5359-4032-865C-E28E4F0E49C4}
	EndProjectSection
EndProject
Project("{FAE04EC0-301F-11D3-BF4B-00C04F79EFBC}") = "SL.Tests", "SL.Tests01\SL.Tests.csproj", "{79E6EDDB-40D1-4A77-A87B-754D979789B2}"
EndProject
Project("{2150E333-8FDC-42A3-9474-1A3956D46DE8}") = "Solution Items", "Solution Items", "{87DBA0D1-B986-4F5A-A126-A61EE61DA8FD}"
	ProjectSection(SolutionItems) = preProject
		Local.testsettings = Local.testsettings
	EndProjectSection
EndProject
Global
	GlobalSection(SolutionConfigurationPlatforms) = preSolution
		Debug|Any CPU = Debug|Any CPU
		Release|Any CPU = Release|Any CPU
	EndGlobalSection
	GlobalSection(ProjectConfigurationPlatforms) = postSolution
		{C593D8F6-1B21-453C-BDF6-A163870D3B78}.Debug|Any CPU.ActiveCfg = Debug|Any CPU
		{C593D8F6-1B21-453C-BDF6-A163870D3B78}.Debug|Any CPU.Build.0 = Debug|Any CPU
		{C593D8F6-1B21-453C-BDF6-A163870D3B78}.Release|Any CPU.ActiveCfg = Release|Any CPU
		{C593D8F6-1B21-453C-BDF6-A163870D3B78}.Release|Any CPU.Build.0 = Release|Any CPU
		{2A31BFD5-E2D6-48C3-A85D-799A9053362C}.Debug|Any CPU.ActiveCfg = Debug|Any CPU
		{2A31BFD5-E2D6-48C3-A85D-799A9053362C}.Debug|Any CPU.Build.0 = Debug|Any CPU
		{2A31BFD5-E2D6-48C3-A85D-799A9053362C}.Release|Any CPU.ActiveCfg = Release|Any CPU
		{2A31BFD5-E2D6-48C3-A85D-799A9053362C}.Release|Any CPU.Build.0 = Release|Any CPU
		{4FDF32F7-5359-4032-865C-E28E4F0E49C4}.Debug|Any CPU.ActiveCfg = Debug|Any CPU
		{4FDF32F7-5359-4032-865C-E28E4F0E49C4}.Debug|Any CPU.Build.0 = Debug|Any CPU
		{4FDF32F7-5359-4032-865C-E28E4F0E49C4}.Release|Any CPU.ActiveCfg = Release|Any CPU
		{4FDF32F7-5359-4032-865C-E28E4F0E49C4}.Release|Any CPU.Build.0 = Release|Any CPU
		{75DD8B3F-AD0C-4C9E-860D-D93C79C5214A}.Debug|Any CPU.ActiveCfg = Debug|Any CPU
		{75DD8B3F-AD0C-4C9E-860D-D93C79C5214A}.Debug|Any CPU.Build.0 = Debug|Any CPU
		{75DD8B3F-AD0C-4C9E-860D-D93C79C5214A}.Release|Any CPU.ActiveCfg = Release|Any CPU
		{75DD8B3F-AD0C-4C9E-860D-D93C79C5214A}.Release|Any CPU.Build.0 = Release|Any CPU
		{9A58BDBE-3A11-456B-B36A-23D3ECC17733}.Debug|Any CPU.ActiveCfg = Debug|Any CPU
		{9A58BDBE-3A11-456B-B36A-23D3ECC17733}.Debug|Any CPU.Build.0 = Debug|Any CPU
		{9A58BDBE-3A11-456B-B36A-23D3ECC17733}.Release|Any CPU.ActiveCfg = Release|Any CPU
		{9A58BDBE-3A11-456B-B36A-23D3ECC17733}.Release|Any CPU.Build.0 = Release|Any CPU
		{79E6EDDB-40D1-4A77-A87B-754D979789B2}.Debug|Any CPU.ActiveCfg = Debug|Any CPU
		{79E6EDDB-40D1-4A77-A87B-754D979789B2}.Debug|Any CPU.Build.0 = Debug|Any CPU
		{79E6EDDB-40D1-4A77-A87B-754D979789B2}.Release|Any CPU.ActiveCfg = Release|Any CPU
		{79E6EDDB-40D1-4A77-A87B-754D979789B2}.Release|Any CPU.Build.0 = Release|Any CPU
	EndGlobalSection
	GlobalSection(SolutionProperties) = preSolution
		HideSolutionNode = FALSE
	EndGlobalSection
EndGlobal
